
Microsoft Visual Studio Solution File, Format Version 12.00
# Visual Studio Version 17
VisualStudioVersion = 17.0.32014.148
MinimumVisualStudioVersion = 10.0.40219.1
Project("{2150E333-8FDC-42A3-9474-1A3956D46DE8}") = "building blocks", "building blocks", "{345378C0-BDFF-41F4-BA74-5462FC01331F}"
EndProject
Project("{9A19103F-16F7-4668-BE54-9A1E7A4F7556}") = "Estudos.Viagem.Messages", "src\building blocks\Estudos.Viagem.Messages\Estudos.Viagem.Messages.csproj", "{26F01C4D-ABC1-4E1E-974B-EBB48BF74D7F}"
EndProject
Project("{2150E333-8FDC-42A3-9474-1A3956D46DE8}") = "Services", "Services", "{26F03B9A-EAD8-479A-B0AE-E6D9735EAECB}"
EndProject
Project("{2150E333-8FDC-42A3-9474-1A3956D46DE8}") = "Hotel", "Hotel", "{FAEBD64F-C905-4B5C-A053-2A57AFB62AA0}"
EndProject
Project("{2150E333-8FDC-42A3-9474-1A3956D46DE8}") = "Viagem", "Viagem", "{F21420F5-2A61-4260-A283-483CA3C9E568}"
EndProject
Project("{2150E333-8FDC-42A3-9474-1A3956D46DE8}") = "1.Presentation", "1.Presentation", "{C6F86319-90FD-4C38-85F3-7F050993EF75}"
EndProject
Project("{2150E333-8FDC-42A3-9474-1A3956D46DE8}") = "2.Application", "2.Application", "{5AD1B467-F254-4293-80C4-5DFABD5EDB0A}"
EndProject
Project("{2150E333-8FDC-42A3-9474-1A3956D46DE8}") = "3.Infrastructure", "3.Infrastructure", "{431974C0-A40F-4E5F-A009-58A1374E3287}"
EndProject
Project("{9A19103F-16F7-4668-BE54-9A1E7A4F7556}") = "Estudos.Viagem.WebApi", "src\services\Estudos.Viagem.WebApi\Estudos.Viagem.WebApi.csproj", "{364ECB51-44F8-4547-834F-CE76B132598A}"
EndProject
Project("{9A19103F-16F7-4668-BE54-9A1E7A4F7556}") = "Estudos.Viagem.Application", "src\services\Estudos.Viagem.Application\Estudos.Viagem.Application.csproj", "{6311C564-702E-447D-B7CB-4743F2B63A34}"
EndProject
Project("{9A19103F-16F7-4668-BE54-9A1E7A4F7556}") = "Estudos.Viagem.Infrastructure.RabbitMq", "src\services\Estudos.Viagem.Infrastructure.RabbitMq\Estudos.Viagem.Infrastructure.RabbitMq.csproj", "{55B0CDD8-FCE9-4FDA-813D-51C8F5ACFD79}"
EndProject
Project("{2150E333-8FDC-42A3-9474-1A3956D46DE8}") = "1.Presentation", "1.Presentation", "{2BCC9FD6-FE4B-4BDF-B999-85637439E8A8}"
EndProject
Project("{2150E333-8FDC-42A3-9474-1A3956D46DE8}") = "2.Application", "2.Application", "{54991138-5B07-4803-8D3E-3B2C24314E3E}"
EndProject
Project("{2150E333-8FDC-42A3-9474-1A3956D46DE8}") = "3.Infrastructure", "3.Infrastructure", "{7AB013E2-49CF-4D23-939E-F31BA1C8B872}"
EndProject
Project("{9A19103F-16F7-4668-BE54-9A1E7A4F7556}") = "Estudos.Hotelaria.Consumer", "src\services\Estudos.Hotelaria.Consumer\Estudos.Hotelaria.Consumer.csproj", "{ACE879A3-A67B-4F8C-B170-5921FC738160}"
EndProject
Project("{9A19103F-16F7-4668-BE54-9A1E7A4F7556}") = "Estudos.Hotelaria.Application", "src\services\Estudos.Hotelaria.Application\Estudos.Hotelaria.Application.csproj", "{1B4E1B24-A5A0-45A8-885D-0874A734D9FA}"
EndProject
Project("{9A19103F-16F7-4668-BE54-9A1E7A4F7556}") = "Estudos.Hotelaria.Infrastructure.RabbitMq", "src\services\Estudos.Hotelaria.Infrastructure.RabbitMq\Estudos.Hotelaria.Infrastructure.RabbitMq.csproj", "{81DB50FF-4487-4F60-8C96-3581019B8477}"
EndProject
Global
	GlobalSection(SolutionConfigurationPlatforms) = preSolution
		Debug|Any CPU = Debug|Any CPU
		Release|Any CPU = Release|Any CPU
	EndGlobalSection
	GlobalSection(ProjectConfigurationPlatforms) = postSolution
		{26F01C4D-ABC1-4E1E-974B-EBB48BF74D7F}.Debug|Any CPU.ActiveCfg = Debug|Any CPU
		{26F01C4D-ABC1-4E1E-974B-EBB48BF74D7F}.Debug|Any CPU.Build.0 = Debug|Any CPU
		{26F01C4D-ABC1-4E1E-974B-EBB48BF74D7F}.Release|Any CPU.ActiveCfg = Release|Any CPU
		{26F01C4D-ABC1-4E1E-974B-EBB48BF74D7F}.Release|Any CPU.Build.0 = Release|Any CPU
		{364ECB51-44F8-4547-834F-CE76B132598A}.Debug|Any CPU.ActiveCfg = Debug|Any CPU
		{364ECB51-44F8-4547-834F-CE76B132598A}.Debug|Any CPU.Build.0 = Debug|Any CPU
		{364ECB51-44F8-4547-834F-CE76B132598A}.Release|Any CPU.ActiveCfg = Release|Any CPU
		{364ECB51-44F8-4547-834F-CE76B132598A}.Release|Any CPU.Build.0 = Release|Any CPU
		{6311C564-702E-447D-B7CB-4743F2B63A34}.Debug|Any CPU.ActiveCfg = Debug|Any CPU
		{6311C564-702E-447D-B7CB-4743F2B63A34}.Debug|Any CPU.Build.0 = Debug|Any CPU
		{6311C564-702E-447D-B7CB-4743F2B63A34}.Release|Any CPU.ActiveCfg = Release|Any CPU
		{6311C564-702E-447D-B7CB-4743F2B63A34}.Release|Any CPU.Build.0 = Release|Any CPU
		{55B0CDD8-FCE9-4FDA-813D-51C8F5ACFD79}.Debug|Any CPU.ActiveCfg = Debug|Any CPU
		{55B0CDD8-FCE9-4FDA-813D-51C8F5ACFD79}.Debug|Any CPU.Build.0 = Debug|Any CPU
		{55B0CDD8-FCE9-4FDA-813D-51C8F5ACFD79}.Release|Any CPU.ActiveCfg = Release|Any CPU
		{55B0CDD8-FCE9-4FDA-813D-51C8F5ACFD79}.Release|Any CPU.Build.0 = Release|Any CPU
		{ACE879A3-A67B-4F8C-B170-5921FC738160}.Debug|Any CPU.ActiveCfg = Debug|Any CPU
		{ACE879A3-A67B-4F8C-B170-5921FC738160}.Debug|Any CPU.Build.0 = Debug|Any CPU
		{ACE879A3-A67B-4F8C-B170-5921FC738160}.Release|Any CPU.ActiveCfg = Release|Any CPU
		{ACE879A3-A67B-4F8C-B170-5921FC738160}.Release|Any CPU.Build.0 = Release|Any CPU
		{1B4E1B24-A5A0-45A8-885D-0874A734D9FA}.Debug|Any CPU.ActiveCfg = Debug|Any CPU
		{1B4E1B24-A5A0-45A8-885D-0874A734D9FA}.Debug|Any CPU.Build.0 = Debug|Any CPU
		{1B4E1B24-A5A0-45A8-885D-0874A734D9FA}.Release|Any CPU.ActiveCfg = Release|Any CPU
		{1B4E1B24-A5A0-45A8-885D-0874A734D9FA}.Release|Any CPU.Build.0 = Release|Any CPU
		{81DB50FF-4487-4F60-8C96-3581019B8477}.Debug|Any CPU.ActiveCfg = Debug|Any CPU
		{81DB50FF-4487-4F60-8C96-3581019B8477}.Debug|Any CPU.Build.0 = Debug|Any CPU
		{81DB50FF-4487-4F60-8C96-3581019B8477}.Release|Any CPU.ActiveCfg = Release|Any CPU
		{81DB50FF-4487-4F60-8C96-3581019B8477}.Release|Any CPU.Build.0 = Release|Any CPU
	EndGlobalSection
	GlobalSection(SolutionProperties) = preSolution
		HideSolutionNode = FALSE
	EndGlobalSection
	GlobalSection(NestedProjects) = preSolution
		{26F01C4D-ABC1-4E1E-974B-EBB48BF74D7F} = {345378C0-BDFF-41F4-BA74-5462FC01331F}
		{FAEBD64F-C905-4B5C-A053-2A57AFB62AA0} = {26F03B9A-EAD8-479A-B0AE-E6D9735EAECB}
		{F21420F5-2A61-4260-A283-483CA3C9E568} = {26F03B9A-EAD8-479A-B0AE-E6D9735EAECB}
		{C6F86319-90FD-4C38-85F3-7F050993EF75} = {F21420F5-2A61-4260-A283-483CA3C9E568}
		{5AD1B467-F254-4293-80C4-5DFABD5EDB0A} = {F21420F5-2A61-4260-A283-483CA3C9E568}
		{431974C0-A40F-4E5F-A009-58A1374E3287} = {F21420F5-2A61-4260-A283-483CA3C9E568}
		{364ECB51-44F8-4547-834F-CE76B132598A} = {C6F86319-90FD-4C38-85F3-7F050993EF75}
		{6311C564-702E-447D-B7CB-4743F2B63A34} = {5AD1B467-F254-4293-80C4-5DFABD5EDB0A}
		{55B0CDD8-FCE9-4FDA-813D-51C8F5ACFD79} = {431974C0-A40F-4E5F-A009-58A1374E3287}
		{2BCC9FD6-FE4B-4BDF-B999-85637439E8A8} = {FAEBD64F-C905-4B5C-A053-2A57AFB62AA0}
		{54991138-5B07-4803-8D3E-3B2C24314E3E} = {FAEBD64F-C905-4B5C-A053-2A57AFB62AA0}
		{7AB013E2-49CF-4D23-939E-F31BA1C8B872} = {FAEBD64F-C905-4B5C-A053-2A57AFB62AA0}
		{ACE879A3-A67B-4F8C-B170-5921FC738160} = {2BCC9FD6-FE4B-4BDF-B999-85637439E8A8}
		{1B4E1B24-A5A0-45A8-885D-0874A734D9FA} = {54991138-5B07-4803-8D3E-3B2C24314E3E}
		{81DB50FF-4487-4F60-8C96-3581019B8477} = {7AB013E2-49CF-4D23-939E-F31BA1C8B872}
	EndGlobalSection
	GlobalSection(ExtensibilityGlobals) = postSolution
		SolutionGuid = {D26CC7DD-55A0-4418-BFBB-ED5EBA8BEF8A}
	EndGlobalSection
EndGlobal
